# This file is automatically @generated by Cargo.
# It is not intended for manual editing.
version = 4

[[package]]
name = "api"
version = "0.1.0"
dependencies = [
 "domain",
 "services",
]

[[package]]
name = "domain"
version = "0.1.0"

[[package]]
name = "jobs"
version = "0.1.0"
dependencies = [
 "domain",
 "services",
]

[[package]]
name = "media"
version = "0.1.0"
dependencies = [
 "domain",
]

[[package]]
name = "metadata"
version = "0.1.0"
dependencies = [
 "domain",
]

[[package]]
name = "persistence"
version = "0.1.0"
dependencies = [
 "domain",
]

[[package]]
name = "server"
version = "0.1.0"
dependencies = [
 "api",
 "domain",
 "jobs",
 "media",
 "metadata",
 "persistence",
 "services",
]

[[package]]
name = "services"
version = "0.1.0"
dependencies = [
 "domain",
]
